
Microsoft Visual Studio Solution File, Format Version 12.00
# Visual Studio Version 16
VisualStudioVersion = 16.0.29020.237
MinimumVisualStudioVersion = 10.0.40219.1
Project("{FAE04EC0-301F-11D3-BF4B-00C04F79EFBC}") = "laba1", "laba1\laba1.csproj", "{DB43388E-63EC-4A8E-A34E-58892DD27887}"
EndProject
Project("{FAE04EC0-301F-11D3-BF4B-00C04F79EFBC}") = "laba2", "laba2\laba2.csproj", "{F2DEF551-E325-42EC-B903-A5B8BDDC102C}"
EndProject
Global
	GlobalSection(SolutionConfigurationPlatforms) = preSolution
		Debug|Any CPU = Debug|Any CPU
		Release|Any CPU = Release|Any CPU
	EndGlobalSection
	GlobalSection(ProjectConfigurationPlatforms) = postSolution
		{DB43388E-63EC-4A8E-A34E-58892DD27887}.Debug|Any CPU.ActiveCfg = Debug|Any CPU
		{DB43388E-63EC-4A8E-A34E-58892DD27887}.Debug|Any CPU.Build.0 = Debug|Any CPU
		{DB43388E-63EC-4A8E-A34E-58892DD27887}.Release|Any CPU.ActiveCfg = Release|Any CPU
		{DB43388E-63EC-4A8E-A34E-58892DD27887}.Release|Any CPU.Build.0 = Release|Any CPU
		{F2DEF551-E325-42EC-B903-A5B8BDDC102C}.Debug|Any CPU.ActiveCfg = Debug|Any CPU
		{F2DEF551-E325-42EC-B903-A5B8BDDC102C}.Debug|Any CPU.Build.0 = Debug|Any CPU
		{F2DEF551-E325-42EC-B903-A5B8BDDC102C}.Release|Any CPU.ActiveCfg = Release|Any CPU
		{F2DEF551-E325-42EC-B903-A5B8BDDC102C}.Release|Any CPU.Build.0 = Release|Any CPU
	EndGlobalSection
	GlobalSection(SolutionProperties) = preSolution
		HideSolutionNode = FALSE
	EndGlobalSection
	GlobalSection(ExtensibilityGlobals) = postSolution
		SolutionGuid = {9E2C6DDE-BDEE-4DA8-A8B8-B04836BE0397}
	EndGlobalSection
EndGlobal
